
Microsoft Visual Studio Solution File, Format Version 12.00
# Visual Studio 14
VisualStudioVersion = 14.0.25123.0
MinimumVisualStudioVersion = 10.0.40219.1
Project("{151D2E53-A2C4-4D7D-83FE-D05416EBD58E}") = "chisinglewinvm", "chisinglewinvm\chisinglewinvm.deployproj", "{D0BFA074-F44A-4F97-8234-789553EC0A3D}"
EndProject
Global
	GlobalSection(SolutionConfigurationPlatforms) = preSolution
		Debug|Any CPU = Debug|Any CPU
		Release|Any CPU = Release|Any CPU
	EndGlobalSection
	GlobalSection(ProjectConfigurationPlatforms) = postSolution
		{D0BFA074-F44A-4F97-8234-789553EC0A3D}.Debug|Any CPU.ActiveCfg = Debug|Any CPU
		{D0BFA074-F44A-4F97-8234-789553EC0A3D}.Debug|Any CPU.Build.0 = Debug|Any CPU
		{D0BFA074-F44A-4F97-8234-789553EC0A3D}.Release|Any CPU.ActiveCfg = Release|Any CPU
		{D0BFA074-F44A-4F97-8234-789553EC0A3D}.Release|Any CPU.Build.0 = Release|Any CPU
	EndGlobalSection
	GlobalSection(SolutionProperties) = preSolution
		HideSolutionNode = FALSE
	EndGlobalSection
EndGlobal
